{
  "pins" : [
    {
      "identity" : "vonage-client-sdk-video-transformers",
      "kind" : "remoteSourceControl",
      "location" : "https://github.com/Vonage/vonage-client-sdk-video-transformers",
      "state" : {
        "revision" : "a66115f8d947225710eb80cf25bd9dd06c5ba02e",
        "version" : "2.33.0"
      }
    },
    {
      "identity" : "vonage-video-client-sdk-swift",
      "kind" : "remoteSourceControl",
      "location" : "https://github.com/Vonage/vonage-video-client-sdk-swift",
      "state" : {
        "revision" : "90f932330fa01f69928b92654ab5f5099447f46a",
        "version" : "2.35.1"
      }
    }
  ],
  "version" : 2
}
