{
  "pins" : [
    {
      "identity" : "vonage-client-sdk-video-transformers",
      "kind" : "remoteSourceControl",
      "location" : "https://github.com/Vonage/vonage-client-sdk-video-transformers",
      "state" : {
        "revision" : "a66115f8d947225710eb80cf25bd9dd06c5ba02e",
        "version" : "2.33.0"
      }
    },
    {
      "identity" : "vonage-video-client-sdk-swift",
      "kind" : "remoteSourceControl",
      "location" : "https://github.com/Vonage/vonage-video-client-sdk-swift",
      "state" : {
        "revision" : "4ab0aa2859895c0d5e0f23d6d8d09e98df5e7a7d",
        "version" : "2.34.1"
      }
    }
  ],
  "version" : 2
}
