{
  "originHash" : "fbfc6b659421b42ead4ad2cfb780bcd9992922da94fe0df8024fd7086598dc08",
  "pins" : [
    {
      "identity" : "vonage-client-sdk-video",
      "kind" : "remoteSourceControl",
      "location" : "https://github.com/opentok/vonage-client-sdk-video.git",
      "state" : {
        "revision" : "28714dfe35b1c8230a5b06cfde864adaf0468ff7",
        "version" : "2.30.1"
      }
    }
  ],
  "version" : 3
}
